// !$*UTF8*$!
{
	archiveVersion = 1;
	classes = {
	};
	objectVersion = 56;
	objects = {

/* Begin PBXBuildFile section */
		E2A1A70E29F92E3400166611 /* IngredientsPizzaCell.swift in Sources */ = {isa = PBXBuildFile; fileRef = E2A1A70D29F92E3400166611 /* IngredientsPizzaCell.swift */; };
		E2A1A71029F93E0400166611 /* ingredientInfo.swift in Sources */ = {isa = PBXBuildFile; fileRef = E2A1A70F29F93E0400166611 /* ingredientInfo.swift */; };
		E2A1A71229FA3DDB00166611 /* ProfileVC.swift in Sources */ = {isa = PBXBuildFile; fileRef = E2A1A71129FA3DDB00166611 /* ProfileVC.swift */; };
		E2A1A71529FA6EAA00166611 /* BasketVC.swift in Sources */ = {isa = PBXBuildFile; fileRef = E2A1A71429FA6EAA00166611 /* BasketVC.swift */; };
		E2A1A71729FC386000166611 /* BannerVC.swift in Sources */ = {isa = PBXBuildFile; fileRef = E2A1A71629FC386000166611 /* BannerVC.swift */; };
		E2B5BEB929EFDFCA00D7200B /* AppDelegate.swift in Sources */ = {isa = PBXBuildFile; fileRef = E2B5BEB829EFDFCA00D7200B /* AppDelegate.swift */; };
		E2B5BEBB29EFDFCA00D7200B /* SceneDelegate.swift in Sources */ = {isa = PBXBuildFile; fileRef = E2B5BEBA29EFDFCA00D7200B /* SceneDelegate.swift */; };
		E2B5BEBD29EFDFCA00D7200B /* ViewController.swift in Sources */ = {isa = PBXBuildFile; fileRef = E2B5BEBC29EFDFCA00D7200B /* ViewController.swift */; };
		E2B5BEC329EFDFCA00D7200B /* Cafe_Shimkent.xcdatamodeld in Sources */ = {isa = PBXBuildFile; fileRef = E2B5BEC129EFDFCA00D7200B /* Cafe_Shimkent.xcdatamodeld */; };
		E2B5BEC529EFDFCC00D7200B /* Assets.xcassets in Resources */ = {isa = PBXBuildFile; fileRef = E2B5BEC429EFDFCC00D7200B /* Assets.xcassets */; };
		E2B5BEC829EFDFCC00D7200B /* LaunchScreen.storyboard in Resources */ = {isa = PBXBuildFile; fileRef = E2B5BEC629EFDFCC00D7200B /* LaunchScreen.storyboard */; };
		E2B5BED029EFDFFB00D7200B /* BannerView.swift in Sources */ = {isa = PBXBuildFile; fileRef = E2B5BECF29EFDFFB00D7200B /* BannerView.swift */; };
		E2B5BED229EFE14100D7200B /* BannerCell.swift in Sources */ = {isa = PBXBuildFile; fileRef = E2B5BED129EFE14100D7200B /* BannerCell.swift */; };
		E2B5BED429F0072600D7200B /* UiViewExtensions.swift in Sources */ = {isa = PBXBuildFile; fileRef = E2B5BED329F0072600D7200B /* UiViewExtensions.swift */; };
		E2B5BED629F0314800D7200B /* ProductCell.swift in Sources */ = {isa = PBXBuildFile; fileRef = E2B5BED529F0314800D7200B /* ProductCell.swift */; };
		E2B5BED829F107AA00D7200B /* ProductInfo.swift in Sources */ = {isa = PBXBuildFile; fileRef = E2B5BED729F107AA00D7200B /* ProductInfo.swift */; };
		E2B5BEDA29F5351A00D7200B /* BannerInfo.swift in Sources */ = {isa = PBXBuildFile; fileRef = E2B5BED929F5351A00D7200B /* BannerInfo.swift */; };
		E2B5BEDE29F64B1400D7200B /* CategoriesView.swift in Sources */ = {isa = PBXBuildFile; fileRef = E2B5BEDD29F64B1400D7200B /* CategoriesView.swift */; };
		E2B5BEE029F64E1E00D7200B /* CategoriesCell.swift in Sources */ = {isa = PBXBuildFile; fileRef = E2B5BEDF29F64E1E00D7200B /* CategoriesCell.swift */; };
		E2B5BEE329F6787100D7200B /* CategoriesInfo.swift in Sources */ = {isa = PBXBuildFile; fileRef = E2B5BEE229F6787100D7200B /* CategoriesInfo.swift */; };
		E2B5BEE529F7E57700D7200B /* ProductPresentVC.swift in Sources */ = {isa = PBXBuildFile; fileRef = E2B5BEE429F7E57700D7200B /* ProductPresentVC.swift */; };
		E2E2217229FFB87F0011D530 /* ProfileCollectionCell.swift in Sources */ = {isa = PBXBuildFile; fileRef = E2E2217129FFB87F0011D530 /* ProfileCollectionCell.swift */; };
		E2E2217429FFCE9C0011D530 /* ProfileInfo.swift in Sources */ = {isa = PBXBuildFile; fileRef = E2E2217329FFCE9C0011D530 /* ProfileInfo.swift */; };
		E2E221762A0191740011D530 /* BasketCell.swift in Sources */ = {isa = PBXBuildFile; fileRef = E2E221752A0191730011D530 /* BasketCell.swift */; };
/* End PBXBuildFile section */

/* Begin PBXFileReference section */
		E2A1A70D29F92E3400166611 /* IngredientsPizzaCell.swift */ = {isa = PBXFileReference; lastKnownFileType = sourcecode.swift; path = IngredientsPizzaCell.swift; sourceTree = "<group>"; };
		E2A1A70F29F93E0400166611 /* ingredientInfo.swift */ = {isa = PBXFileReference; lastKnownFileType = sourcecode.swift; path = ingredientInfo.swift; sourceTree = "<group>"; };
		E2A1A71129FA3DDB00166611 /* ProfileVC.swift */ = {isa = PBXFileReference; lastKnownFileType = sourcecode.swift; path = ProfileVC.swift; sourceTree = "<group>"; };
		E2A1A71429FA6EAA00166611 /* BasketVC.swift */ = {isa = PBXFileReference; lastKnownFileType = sourcecode.swift; path = BasketVC.swift; sourceTree = "<group>"; };
		E2A1A71629FC386000166611 /* BannerVC.swift */ = {isa = PBXFileReference; lastKnownFileType = sourcecode.swift; path = BannerVC.swift; sourceTree = "<group>"; };
		E2B5BEB529EFDFCA00D7200B /* Cafe_Shimkent.app */ = {isa = PBXFileReference; explicitFileType = wrapper.application; includeInIndex = 0; path = Cafe_Shimkent.app; sourceTree = BUILT_PRODUCTS_DIR; };
		E2B5BEB829EFDFCA00D7200B /* AppDelegate.swift */ = {isa = PBXFileReference; lastKnownFileType = sourcecode.swift; path = AppDelegate.swift; sourceTree = "<group>"; };
		E2B5BEBA29EFDFCA00D7200B /* SceneDelegate.swift */ = {isa = PBXFileReference; lastKnownFileType = sourcecode.swift; path = SceneDelegate.swift; sourceTree = "<group>"; };
		E2B5BEBC29EFDFCA00D7200B /* ViewController.swift */ = {isa = PBXFileReference; lastKnownFileType = sourcecode.swift; path = ViewController.swift; sourceTree = "<group>"; };
		E2B5BEC229EFDFCA00D7200B /* Cafe_Shimkent.xcdatamodel */ = {isa = PBXFileReference; lastKnownFileType = wrapper.xcdatamodel; path = Cafe_Shimkent.xcdatamodel; sourceTree = "<group>"; };
		E2B5BEC429EFDFCC00D7200B /* Assets.xcassets */ = {isa = PBXFileReference; lastKnownFileType = folder.assetcatalog; path = Assets.xcassets; sourceTree = "<group>"; };
		E2B5BEC729EFDFCC00D7200B /* Base */ = {isa = PBXFileReference; lastKnownFileType = file.storyboard; name = Base; path = Base.lproj/LaunchScreen.storyboard; sourceTree = "<group>"; };
		E2B5BEC929EFDFCC00D7200B /* Info.plist */ = {isa = PBXFileReference; lastKnownFileType = text.plist.xml; path = Info.plist; sourceTree = "<group>"; };
		E2B5BECF29EFDFFB00D7200B /* BannerView.swift */ = {isa = PBXFileReference; lastKnownFileType = sourcecode.swift; path = BannerView.swift; sourceTree = "<group>"; };
		E2B5BED129EFE14100D7200B /* BannerCell.swift */ = {isa = PBXFileReference; lastKnownFileType = sourcecode.swift; path = BannerCell.swift; sourceTree = "<group>"; };
		E2B5BED329F0072600D7200B /* UiViewExtensions.swift */ = {isa = PBXFileReference; lastKnownFileType = sourcecode.swift; path = UiViewExtensions.swift; sourceTree = "<group>"; };
		E2B5BED529F0314800D7200B /* ProductCell.swift */ = {isa = PBXFileReference; lastKnownFileType = sourcecode.swift; path = ProductCell.swift; sourceTree = "<group>"; };
		E2B5BED729F107AA00D7200B /* ProductInfo.swift */ = {isa = PBXFileReference; lastKnownFileType = sourcecode.swift; path = ProductInfo.swift; sourceTree = "<group>"; };
		E2B5BED929F5351A00D7200B /* BannerInfo.swift */ = {isa = PBXFileReference; lastKnownFileType = sourcecode.swift; path = BannerInfo.swift; sourceTree = "<group>"; };
		E2B5BEDD29F64B1400D7200B /* CategoriesView.swift */ = {isa = PBXFileReference; lastKnownFileType = sourcecode.swift; path = CategoriesView.swift; sourceTree = "<group>"; };
		E2B5BEDF29F64E1E00D7200B /* CategoriesCell.swift */ = {isa = PBXFileReference; lastKnownFileType = sourcecode.swift; path = CategoriesCell.swift; sourceTree = "<group>"; };
		E2B5BEE229F6787100D7200B /* CategoriesInfo.swift */ = {isa = PBXFileReference; lastKnownFileType = sourcecode.swift; path = CategoriesInfo.swift; sourceTree = "<group>"; };
		E2B5BEE429F7E57700D7200B /* ProductPresentVC.swift */ = {isa = PBXFileReference; lastKnownFileType = sourcecode.swift; path = ProductPresentVC.swift; sourceTree = "<group>"; };
		E2E2217129FFB87F0011D530 /* ProfileCollectionCell.swift */ = {isa = PBXFileReference; lastKnownFileType = sourcecode.swift; path = ProfileCollectionCell.swift; sourceTree = "<group>"; };
		E2E2217329FFCE9C0011D530 /* ProfileInfo.swift */ = {isa = PBXFileReference; lastKnownFileType = sourcecode.swift; path = ProfileInfo.swift; sourceTree = "<group>"; };
		E2E221752A0191730011D530 /* BasketCell.swift */ = {isa = PBXFileReference; lastKnownFileType = sourcecode.swift; path = BasketCell.swift; sourceTree = "<group>"; };
/* End PBXFileReference section */

/* Begin PBXFrameworksBuildPhase section */
		E2B5BEB229EFDFCA00D7200B /* Frameworks */ = {
			isa = PBXFrameworksBuildPhase;
			buildActionMask = 2147483647;
			files = (
			);
			runOnlyForDeploymentPostprocessing = 0;
		};
/* End PBXFrameworksBuildPhase section */

/* Begin PBXGroup section */
		E2A1A71329FA3DE500166611 /* ViewControllers */ = {
			isa = PBXGroup;
			children = (
				E2B5BEBC29EFDFCA00D7200B /* ViewController.swift */,
				E2A1A71129FA3DDB00166611 /* ProfileVC.swift */,
				E2E2217329FFCE9C0011D530 /* ProfileInfo.swift */,
				E2E2217129FFB87F0011D530 /* ProfileCollectionCell.swift */,
				E2A1A71429FA6EAA00166611 /* BasketVC.swift */,
				E2E221752A0191730011D530 /* BasketCell.swift */,
			);
			path = ViewControllers;
			sourceTree = "<group>";
		};
		E2B5BEAC29EFDFCA00D7200B = {
			isa = PBXGroup;
			children = (
				E2B5BEB729EFDFCA00D7200B /* Cafe_Shimkent */,
				E2B5BEB629EFDFCA00D7200B /* Products */,
			);
			sourceTree = "<group>";
		};
		E2B5BEB629EFDFCA00D7200B /* Products */ = {
			isa = PBXGroup;
			children = (
				E2B5BEB529EFDFCA00D7200B /* Cafe_Shimkent.app */,
			);
			name = Products;
			sourceTree = "<group>";
		};
		E2B5BEB729EFDFCA00D7200B /* Cafe_Shimkent */ = {
			isa = PBXGroup;
			children = (
				E2B5BEDB29F5395500D7200B /* Banner */,
				E2B5BEDC29F5397700D7200B /* Products */,
				E2B5BEE129F66DE300D7200B /* Categories */,
				E2A1A71329FA3DE500166611 /* ViewControllers */,
				E2B5BED329F0072600D7200B /* UiViewExtensions.swift */,
				E2B5BEB829EFDFCA00D7200B /* AppDelegate.swift */,
				E2B5BEBA29EFDFCA00D7200B /* SceneDelegate.swift */,
				E2B5BEC429EFDFCC00D7200B /* Assets.xcassets */,
				E2B5BEC629EFDFCC00D7200B /* LaunchScreen.storyboard */,
				E2B5BEC929EFDFCC00D7200B /* Info.plist */,
				E2B5BEC129EFDFCA00D7200B /* Cafe_Shimkent.xcdatamodeld */,
			);
			path = Cafe_Shimkent;
			sourceTree = "<group>";
		};
		E2B5BEDB29F5395500D7200B /* Banner */ = {
			isa = PBXGroup;
			children = (
				E2B5BECF29EFDFFB00D7200B /* BannerView.swift */,
				E2B5BED129EFE14100D7200B /* BannerCell.swift */,
				E2B5BED929F5351A00D7200B /* BannerInfo.swift */,
				E2A1A71629FC386000166611 /* BannerVC.swift */,
			);
			path = Banner;
			sourceTree = "<group>";
		};
		E2B5BEDC29F5397700D7200B /* Products */ = {
			isa = PBXGroup;
			children = (
				E2B5BED529F0314800D7200B /* ProductCell.swift */,
				E2B5BEE429F7E57700D7200B /* ProductPresentVC.swift */,
				E2B5BED729F107AA00D7200B /* ProductInfo.swift */,
				E2A1A70D29F92E3400166611 /* IngredientsPizzaCell.swift */,
				E2A1A70F29F93E0400166611 /* ingredientInfo.swift */,
			);
			path = Products;
			sourceTree = "<group>";
		};
		E2B5BEE129F66DE300D7200B /* Categories */ = {
			isa = PBXGroup;
			children = (
				E2B5BEDD29F64B1400D7200B /* CategoriesView.swift */,
				E2B5BEDF29F64E1E00D7200B /* CategoriesCell.swift */,
				E2B5BEE229F6787100D7200B /* CategoriesInfo.swift */,
			);
			path = Categories;
			sourceTree = "<group>";
		};
/* End PBXGroup section */

/* Begin PBXNativeTarget section */
		E2B5BEB429EFDFCA00D7200B /* Cafe_Shimkent */ = {
			isa = PBXNativeTarget;
			buildConfigurationList = E2B5BECC29EFDFCC00D7200B /* Build configuration list for PBXNativeTarget "Cafe_Shimkent" */;
			buildPhases = (
				E2B5BEB129EFDFCA00D7200B /* Sources */,
				E2B5BEB229EFDFCA00D7200B /* Frameworks */,
				E2B5BEB329EFDFCA00D7200B /* Resources */,
			);
			buildRules = (
			);
			dependencies = (
			);
			name = Cafe_Shimkent;
			productName = Cafe_Shimkent;
			productReference = E2B5BEB529EFDFCA00D7200B /* Cafe_Shimkent.app */;
			productType = "com.apple.product-type.application";
		};
/* End PBXNativeTarget section */

/* Begin PBXProject section */
		E2B5BEAD29EFDFCA00D7200B /* Project object */ = {
			isa = PBXProject;
			attributes = {
				BuildIndependentTargetsInParallel = 1;
				LastSwiftUpdateCheck = 1410;
				LastUpgradeCheck = 1410;
				TargetAttributes = {
					E2B5BEB429EFDFCA00D7200B = {
						CreatedOnToolsVersion = 14.1;
					};
				};
			};
			buildConfigurationList = E2B5BEB029EFDFCA00D7200B /* Build configuration list for PBXProject "Cafe_Shimkent" */;
			compatibilityVersion = "Xcode 14.0";
			developmentRegion = en;
			hasScannedForEncodings = 0;
			knownRegions = (
				en,
				Base,
			);
			mainGroup = E2B5BEAC29EFDFCA00D7200B;
			productRefGroup = E2B5BEB629EFDFCA00D7200B /* Products */;
			projectDirPath = "";
			projectRoot = "";
			targets = (
				E2B5BEB429EFDFCA00D7200B /* Cafe_Shimkent */,
			);
		};
/* End PBXProject section */

/* Begin PBXResourcesBuildPhase section */
		E2B5BEB329EFDFCA00D7200B /* Resources */ = {
			isa = PBXResourcesBuildPhase;
			buildActionMask = 2147483647;
			files = (
				E2B5BEC829EFDFCC00D7200B /* LaunchScreen.storyboard in Resources */,
				E2B5BEC529EFDFCC00D7200B /* Assets.xcassets in Resources */,
			);
			runOnlyForDeploymentPostprocessing = 0;
		};
/* End PBXResourcesBuildPhase section */

/* Begin PBXSourcesBuildPhase section */
		E2B5BEB129EFDFCA00D7200B /* Sources */ = {
			isa = PBXSourcesBuildPhase;
			buildActionMask = 2147483647;
			files = (
				E2E2217429FFCE9C0011D530 /* ProfileInfo.swift in Sources */,
				E2B5BED029EFDFFB00D7200B /* BannerView.swift in Sources */,
				E2B5BEBD29EFDFCA00D7200B /* ViewController.swift in Sources */,
				E2A1A71029F93E0400166611 /* ingredientInfo.swift in Sources */,
				E2A1A70E29F92E3400166611 /* IngredientsPizzaCell.swift in Sources */,
				E2A1A71529FA6EAA00166611 /* BasketVC.swift in Sources */,
				E2B5BEB929EFDFCA00D7200B /* AppDelegate.swift in Sources */,
				E2E221762A0191740011D530 /* BasketCell.swift in Sources */,
				E2B5BED829F107AA00D7200B /* ProductInfo.swift in Sources */,
				E2B5BEBB29EFDFCA00D7200B /* SceneDelegate.swift in Sources */,
				E2B5BEE529F7E57700D7200B /* ProductPresentVC.swift in Sources */,
				E2B5BEE329F6787100D7200B /* CategoriesInfo.swift in Sources */,
				E2B5BED429F0072600D7200B /* UiViewExtensions.swift in Sources */,
				E2E2217229FFB87F0011D530 /* ProfileCollectionCell.swift in Sources */,
				E2B5BED629F0314800D7200B /* ProductCell.swift in Sources */,
				E2B5BEC329EFDFCA00D7200B /* Cafe_Shimkent.xcdatamodeld in Sources */,
				E2B5BEDE29F64B1400D7200B /* CategoriesView.swift in Sources */,
				E2A1A71229FA3DDB00166611 /* ProfileVC.swift in Sources */,
				E2A1A71729FC386000166611 /* BannerVC.swift in Sources */,
				E2B5BEE029F64E1E00D7200B /* CategoriesCell.swift in Sources */,
				E2B5BEDA29F5351A00D7200B /* BannerInfo.swift in Sources */,
				E2B5BED229EFE14100D7200B /* BannerCell.swift in Sources */,
			);
			runOnlyForDeploymentPostprocessing = 0;
		};
/* End PBXSourcesBuildPhase section */

/* Begin PBXVariantGroup section */
		E2B5BEC629EFDFCC00D7200B /* LaunchScreen.storyboard */ = {
			isa = PBXVariantGroup;
			children = (
				E2B5BEC729EFDFCC00D7200B /* Base */,
			);
			name = LaunchScreen.storyboard;
			sourceTree = "<group>";
		};
/* End PBXVariantGroup section */

/* Begin XCBuildConfiguration section */
		E2B5BECA29EFDFCC00D7200B /* Debug */ = {
			isa = XCBuildConfiguration;
			buildSettings = {
				ALWAYS_SEARCH_USER_PATHS = NO;
				CLANG_ANALYZER_NONNULL = YES;
				CLANG_ANALYZER_NUMBER_OBJECT_CONVERSION = YES_AGGRESSIVE;
				CLANG_CXX_LANGUAGE_STANDARD = "gnu++20";
				CLANG_ENABLE_MODULES = YES;
				CLANG_ENABLE_OBJC_ARC = YES;
				CLANG_ENABLE_OBJC_WEAK = YES;
				CLANG_WARN_BLOCK_CAPTURE_AUTORELEASING = YES;
				CLANG_WARN_BOOL_CONVERSION = YES;
				CLANG_WARN_COMMA = YES;
				CLANG_WARN_CONSTANT_CONVERSION = YES;
				CLANG_WARN_DEPRECATED_OBJC_IMPLEMENTATIONS = YES;
				CLANG_WARN_DIRECT_OBJC_ISA_USAGE = YES_ERROR;
				CLANG_WARN_DOCUMENTATION_COMMENTS = YES;
				CLANG_WARN_EMPTY_BODY = YES;
				CLANG_WARN_ENUM_CONVERSION = YES;
				CLANG_WARN_INFINITE_RECURSION = YES;
				CLANG_WARN_INT_CONVERSION = YES;
				CLANG_WARN_NON_LITERAL_NULL_CONVERSION = YES;
				CLANG_WARN_OBJC_IMPLICIT_RETAIN_SELF = YES;
				CLANG_WARN_OBJC_LITERAL_CONVERSION = YES;
				CLANG_WARN_OBJC_ROOT_CLASS = YES_ERROR;
				CLANG_WARN_QUOTED_INCLUDE_IN_FRAMEWORK_HEADER = YES;
				CLANG_WARN_RANGE_LOOP_ANALYSIS = YES;
				CLANG_WARN_STRICT_PROTOTYPES = YES;
				CLANG_WARN_SUSPICIOUS_MOVE = YES;
				CLANG_WARN_UNGUARDED_AVAILABILITY = YES_AGGRESSIVE;
				CLANG_WARN_UNREACHABLE_CODE = YES;
				CLANG_WARN__DUPLICATE_METHOD_MATCH = YES;
				COPY_PHASE_STRIP = NO;
				DEBUG_INFORMATION_FORMAT = dwarf;
				ENABLE_STRICT_OBJC_MSGSEND = YES;
				ENABLE_TESTABILITY = YES;
				GCC_C_LANGUAGE_STANDARD = gnu11;
				GCC_DYNAMIC_NO_PIC = NO;
				GCC_NO_COMMON_BLOCKS = YES;
				GCC_OPTIMIZATION_LEVEL = 0;
				GCC_PREPROCESSOR_DEFINITIONS = (
					"DEBUG=1",
					"$(inherited)",
				);
				GCC_WARN_64_TO_32_BIT_CONVERSION = YES;
				GCC_WARN_ABOUT_RETURN_TYPE = YES_ERROR;
				GCC_WARN_UNDECLARED_SELECTOR = YES;
				GCC_WARN_UNINITIALIZED_AUTOS = YES_AGGRESSIVE;
				GCC_WARN_UNUSED_FUNCTION = YES;
				GCC_WARN_UNUSED_VARIABLE = YES;
				IPHONEOS_DEPLOYMENT_TARGET = 16.1;
				MTL_ENABLE_DEBUG_INFO = INCLUDE_SOURCE;
				MTL_FAST_MATH = YES;
				ONLY_ACTIVE_ARCH = YES;
				SDKROOT = iphoneos;
				SWIFT_ACTIVE_COMPILATION_CONDITIONS = DEBUG;
				SWIFT_OPTIMIZATION_LEVEL = "-Onone";
			};
			name = Debug;
		};
		E2B5BECB29EFDFCC00D7200B /* Release */ = {
			isa = XCBuildConfiguration;
			buildSettings = {
				ALWAYS_SEARCH_USER_PATHS = NO;
				CLANG_ANALYZER_NONNULL = YES;
				CLANG_ANALYZER_NUMBER_OBJECT_CONVERSION = YES_AGGRESSIVE;
				CLANG_CXX_LANGUAGE_STANDARD = "gnu++20";
				CLANG_ENABLE_MODULES = YES;
				CLANG_ENABLE_OBJC_ARC = YES;
				CLANG_ENABLE_OBJC_WEAK = YES;
				CLANG_WARN_BLOCK_CAPTURE_AUTORELEASING = YES;
				CLANG_WARN_BOOL_CONVERSION = YES;
				CLANG_WARN_COMMA = YES;
				CLANG_WARN_CONSTANT_CONVERSION = YES;
				CLANG_WARN_DEPRECATED_OBJC_IMPLEMENTATIONS = YES;
				CLANG_WARN_DIRECT_OBJC_ISA_USAGE = YES_ERROR;
				CLANG_WARN_DOCUMENTATION_COMMENTS = YES;
				CLANG_WARN_EMPTY_BODY = YES;
				CLANG_WARN_ENUM_CONVERSION = YES;
				CLANG_WARN_INFINITE_RECURSION = YES;
				CLANG_WARN_INT_CONVERSION = YES;
				CLANG_WARN_NON_LITERAL_NULL_CONVERSION = YES;
				CLANG_WARN_OBJC_IMPLICIT_RETAIN_SELF = YES;
				CLANG_WARN_OBJC_LITERAL_CONVERSION = YES;
				CLANG_WARN_OBJC_ROOT_CLASS = YES_ERROR;
				CLANG_WARN_QUOTED_INCLUDE_IN_FRAMEWORK_HEADER = YES;
				CLANG_WARN_RANGE_LOOP_ANALYSIS = YES;
				CLANG_WARN_STRICT_PROTOTYPES = YES;
				CLANG_WARN_SUSPICIOUS_MOVE = YES;
				CLANG_WARN_UNGUARDED_AVAILABILITY = YES_AGGRESSIVE;
				CLANG_WARN_UNREACHABLE_CODE = YES;
				CLANG_WARN__DUPLICATE_METHOD_MATCH = YES;
				COPY_PHASE_STRIP = NO;
				DEBUG_INFORMATION_FORMAT = "dwarf-with-dsym";
				ENABLE_NS_ASSERTIONS = NO;
				ENABLE_STRICT_OBJC_MSGSEND = YES;
				GCC_C_LANGUAGE_STANDARD = gnu11;
				GCC_NO_COMMON_BLOCKS = YES;
				GCC_WARN_64_TO_32_BIT_CONVERSION = YES;
				GCC_WARN_ABOUT_RETURN_TYPE = YES_ERROR;
				GCC_WARN_UNDECLARED_SELECTOR = YES;
				GCC_WARN_UNINITIALIZED_AUTOS = YES_AGGRESSIVE;
				GCC_WARN_UNUSED_FUNCTION = YES;
				GCC_WARN_UNUSED_VARIABLE = YES;
				IPHONEOS_DEPLOYMENT_TARGET = 16.1;
				MTL_ENABLE_DEBUG_INFO = NO;
				MTL_FAST_MATH = YES;
				SDKROOT = iphoneos;
				SWIFT_COMPILATION_MODE = wholemodule;
				SWIFT_OPTIMIZATION_LEVEL = "-O";
				VALIDATE_PRODUCT = YES;
			};
			name = Release;
		};
		E2B5BECD29EFDFCC00D7200B /* Debug */ = {
			isa = XCBuildConfiguration;
			buildSettings = {
				ASSETCATALOG_COMPILER_APPICON_NAME = AppIcon;
				ASSETCATALOG_COMPILER_GLOBAL_ACCENT_COLOR_NAME = AccentColor;
				CODE_SIGN_STYLE = Automatic;
				CURRENT_PROJECT_VERSION = 1;
				DEVELOPMENT_TEAM = PRJZ5KWYW9;
				GENERATE_INFOPLIST_FILE = YES;
				INFOPLIST_FILE = Cafe_Shimkent/Info.plist;
				INFOPLIST_KEY_UIApplicationSupportsIndirectInputEvents = YES;
				INFOPLIST_KEY_UILaunchStoryboardName = LaunchScreen;
				INFOPLIST_KEY_UISupportedInterfaceOrientations_iPad = "UIInterfaceOrientationPortrait UIInterfaceOrientationPortraitUpsideDown UIInterfaceOrientationLandscapeLeft UIInterfaceOrientationLandscapeRight";
				INFOPLIST_KEY_UISupportedInterfaceOrientations_iPhone = "UIInterfaceOrientationPortrait UIInterfaceOrientationLandscapeLeft UIInterfaceOrientationLandscapeRight";
				LD_RUNPATH_SEARCH_PATHS = (
					"$(inherited)",
					"@executable_path/Frameworks",
				);
				MARKETING_VERSION = 1.0;
				PRODUCT_BUNDLE_IDENTIFIER = "sanche.Cafe-Shimkent";
				PRODUCT_NAME = "$(TARGET_NAME)";
				SWIFT_EMIT_LOC_STRINGS = YES;
				SWIFT_VERSION = 5.0;
				TARGETED_DEVICE_FAMILY = "1,2";
			};
			name = Debug;
		};
		E2B5BECE29EFDFCC00D7200B /* Release */ = {
			isa = XCBuildConfiguration;
			buildSettings = {
				ASSETCATALOG_COMPILER_APPICON_NAME = AppIcon;
				ASSETCATALOG_COMPILER_GLOBAL_ACCENT_COLOR_NAME = AccentColor;
				CODE_SIGN_STYLE = Automatic;
				CURRENT_PROJECT_VERSION = 1;
				DEVELOPMENT_TEAM = PRJZ5KWYW9;
				GENERATE_INFOPLIST_FILE = YES;
				INFOPLIST_FILE = Cafe_Shimkent/Info.plist;
				INFOPLIST_KEY_UIApplicationSupportsIndirectInputEvents = YES;
				INFOPLIST_KEY_UILaunchStoryboardName = LaunchScreen;
				INFOPLIST_KEY_UISupportedInterfaceOrientations_iPad = "UIInterfaceOrientationPortrait UIInterfaceOrientationPortraitUpsideDown UIInterfaceOrientationLandscapeLeft UIInterfaceOrientationLandscapeRight";
				INFOPLIST_KEY_UISupportedInterfaceOrientations_iPhone = "UIInterfaceOrientationPortrait UIInterfaceOrientationLandscapeLeft UIInterfaceOrientationLandscapeRight";
				LD_RUNPATH_SEARCH_PATHS = (
					"$(inherited)",
					"@executable_path/Frameworks",
				);
				MARKETING_VERSION = 1.0;
				PRODUCT_BUNDLE_IDENTIFIER = "sanche.Cafe-Shimkent";
				PRODUCT_NAME = "$(TARGET_NAME)";
				SWIFT_EMIT_LOC_STRINGS = YES;
				SWIFT_VERSION = 5.0;
				TARGETED_DEVICE_FAMILY = "1,2";
			};
			name = Release;
		};
/* End XCBuildConfiguration section */

/* Begin XCConfigurationList section */
		E2B5BEB029EFDFCA00D7200B /* Build configuration list for PBXProject "Cafe_Shimkent" */ = {
			isa = XCConfigurationList;
			buildConfigurations = (
				E2B5BECA29EFDFCC00D7200B /* Debug */,
				E2B5BECB29EFDFCC00D7200B /* Release */,
			);
			defaultConfigurationIsVisible = 0;
			defaultConfigurationName = Release;
		};
		E2B5BECC29EFDFCC00D7200B /* Build configuration list for PBXNativeTarget "Cafe_Shimkent" */ = {
			isa = XCConfigurationList;
			buildConfigurations = (
				E2B5BECD29EFDFCC00D7200B /* Debug */,
				E2B5BECE29EFDFCC00D7200B /* Release */,
			);
			defaultConfigurationIsVisible = 0;
			defaultConfigurationName = Release;
		};
/* End XCConfigurationList section */

/* Begin XCVersionGroup section */
		E2B5BEC129EFDFCA00D7200B /* Cafe_Shimkent.xcdatamodeld */ = {
			isa = XCVersionGroup;
			children = (
				E2B5BEC229EFDFCA00D7200B /* Cafe_Shimkent.xcdatamodel */,
			);
			currentVersion = E2B5BEC229EFDFCA00D7200B /* Cafe_Shimkent.xcdatamodel */;
			path = Cafe_Shimkent.xcdatamodeld;
			sourceTree = "<group>";
			versionGroupType = wrapper.xcdatamodel;
		};
/* End XCVersionGroup section */
	};
	rootObject = E2B5BEAD29EFDFCA00D7200B /* Project object */;
}
